// !$*UTF8*$!
{
	archiveVersion = 1;
	classes = {
	};
	objectVersion = 51;
	objects = {

/* Begin PBXBuildFile section */
		2AD89E0A83670B669CD5A700 /* Pods_NewYorkTimesiOS.framework in Frameworks */ = {isa = PBXBuildFile; fileRef = 19586ABE1D1A2BCBDAA5267E /* Pods_NewYorkTimesiOS.framework */; };
		5393AA09ABC3C8955479B85B /* Pods_NewYorkTimesiOS_NewYorkTimesiOSUITests.framework in Frameworks */ = {isa = PBXBuildFile; fileRef = 6B99FA0A387463D99AC47FAF /* Pods_NewYorkTimesiOS_NewYorkTimesiOSUITests.framework */; };
		6328328E08EF4C571D86E0E4 /* Pods_NewYorkTimesiOSTests.framework in Frameworks */ = {isa = PBXBuildFile; fileRef = A53AB2AA0CF4DF9F3056CED9 /* Pods_NewYorkTimesiOSTests.framework */; };
		FA49974325480EA4009D6AC6 /* AppDelegate.swift in Sources */ = {isa = PBXBuildFile; fileRef = FA49974225480EA4009D6AC6 /* AppDelegate.swift */; };
		FA49974525480EA4009D6AC6 /* SceneDelegate.swift in Sources */ = {isa = PBXBuildFile; fileRef = FA49974425480EA4009D6AC6 /* SceneDelegate.swift */; };
		FA49974A25480EA4009D6AC6 /* Main.storyboard in Resources */ = {isa = PBXBuildFile; fileRef = FA49974825480EA4009D6AC6 /* Main.storyboard */; };
		FA49974C25480EA6009D6AC6 /* Assets.xcassets in Resources */ = {isa = PBXBuildFile; fileRef = FA49974B25480EA6009D6AC6 /* Assets.xcassets */; };
		FA49974F25480EA6009D6AC6 /* LaunchScreen.storyboard in Resources */ = {isa = PBXBuildFile; fileRef = FA49974D25480EA6009D6AC6 /* LaunchScreen.storyboard */; };
		FA49975A25480EA6009D6AC6 /* NewYorkTimesiOSTests.swift in Sources */ = {isa = PBXBuildFile; fileRef = FA49975925480EA6009D6AC6 /* NewYorkTimesiOSTests.swift */; };
		FA49976525480EA7009D6AC6 /* NewYorkTimesiOSUITests.swift in Sources */ = {isa = PBXBuildFile; fileRef = FA49976425480EA7009D6AC6 /* NewYorkTimesiOSUITests.swift */; };
		FA49978125480F6C009D6AC6 /* Results.swift in Sources */ = {isa = PBXBuildFile; fileRef = FA49978025480F6C009D6AC6 /* Results.swift */; };
		FA49978925480FB8009D6AC6 /* News.swift in Sources */ = {isa = PBXBuildFile; fileRef = FA49978825480FB8009D6AC6 /* News.swift */; };
		FA49978E25481054009D6AC6 /* Media.swift in Sources */ = {isa = PBXBuildFile; fileRef = FA49978D25481054009D6AC6 /* Media.swift */; };
		FA49979325481127009D6AC6 /* Metadata.swift in Sources */ = {isa = PBXBuildFile; fileRef = FA49979225481127009D6AC6 /* Metadata.swift */; };
		FA4997982548121B009D6AC6 /* Network.swift in Sources */ = {isa = PBXBuildFile; fileRef = FA4997972548121B009D6AC6 /* Network.swift */; };
		FA4997DF25483307009D6AC6 /* NewsCollectionViewController.swift in Sources */ = {isa = PBXBuildFile; fileRef = FA4997DE25483307009D6AC6 /* NewsCollectionViewController.swift */; };
		FA4997E425483313009D6AC6 /* NewsCollectionViewCell.swift in Sources */ = {isa = PBXBuildFile; fileRef = FA4997E325483313009D6AC6 /* NewsCollectionViewCell.swift */; };
		FA951527255EE2B8009E1D44 /* NewsDetailViewController.swift in Sources */ = {isa = PBXBuildFile; fileRef = FA951526255EE2B8009E1D44 /* NewsDetailViewController.swift */; };
/* End PBXBuildFile section */

/* Begin PBXContainerItemProxy section */
		FA49975625480EA6009D6AC6 /* PBXContainerItemProxy */ = {
			isa = PBXContainerItemProxy;
			containerPortal = FA49973725480EA4009D6AC6 /* Project object */;
			proxyType = 1;
			remoteGlobalIDString = FA49973E25480EA4009D6AC6;
			remoteInfo = NewYorkTimesiOS;
		};
		FA49976125480EA7009D6AC6 /* PBXContainerItemProxy */ = {
			isa = PBXContainerItemProxy;
			containerPortal = FA49973725480EA4009D6AC6 /* Project object */;
			proxyType = 1;
			remoteGlobalIDString = FA49973E25480EA4009D6AC6;
			remoteInfo = NewYorkTimesiOS;
		};
/* End PBXContainerItemProxy section */

/* Begin PBXFileReference section */
		06CACCFA0C55CE24549E7B2C /* Pods-NewYorkTimesiOSTests.release.xcconfig */ = {isa = PBXFileReference; includeInIndex = 1; lastKnownFileType = text.xcconfig; name = "Pods-NewYorkTimesiOSTests.release.xcconfig"; path = "Target Support Files/Pods-NewYorkTimesiOSTests/Pods-NewYorkTimesiOSTests.release.xcconfig"; sourceTree = "<group>"; };
		19586ABE1D1A2BCBDAA5267E /* Pods_NewYorkTimesiOS.framework */ = {isa = PBXFileReference; explicitFileType = wrapper.framework; includeInIndex = 0; path = Pods_NewYorkTimesiOS.framework; sourceTree = BUILT_PRODUCTS_DIR; };
		3F2C60C75EDBA719FE237402 /* Pods-NewYorkTimesiOS-NewYorkTimesiOSUITests.release.xcconfig */ = {isa = PBXFileReference; includeInIndex = 1; lastKnownFileType = text.xcconfig; name = "Pods-NewYorkTimesiOS-NewYorkTimesiOSUITests.release.xcconfig"; path = "Target Support Files/Pods-NewYorkTimesiOS-NewYorkTimesiOSUITests/Pods-NewYorkTimesiOS-NewYorkTimesiOSUITests.release.xcconfig"; sourceTree = "<group>"; };
		53A1817D59D0BFB92CB0B3EB /* Pods-NewYorkTimesiOSTests.debug.xcconfig */ = {isa = PBXFileReference; includeInIndex = 1; lastKnownFileType = text.xcconfig; name = "Pods-NewYorkTimesiOSTests.debug.xcconfig"; path = "Target Support Files/Pods-NewYorkTimesiOSTests/Pods-NewYorkTimesiOSTests.debug.xcconfig"; sourceTree = "<group>"; };
		5BD910EB8C3ABD870C2DE732 /* Pods-NewYorkTimesiOS-NewYorkTimesiOSUITests.debug.xcconfig */ = {isa = PBXFileReference; includeInIndex = 1; lastKnownFileType = text.xcconfig; name = "Pods-NewYorkTimesiOS-NewYorkTimesiOSUITests.debug.xcconfig"; path = "Target Support Files/Pods-NewYorkTimesiOS-NewYorkTimesiOSUITests/Pods-NewYorkTimesiOS-NewYorkTimesiOSUITests.debug.xcconfig"; sourceTree = "<group>"; };
		6B99FA0A387463D99AC47FAF /* Pods_NewYorkTimesiOS_NewYorkTimesiOSUITests.framework */ = {isa = PBXFileReference; explicitFileType = wrapper.framework; includeInIndex = 0; path = Pods_NewYorkTimesiOS_NewYorkTimesiOSUITests.framework; sourceTree = BUILT_PRODUCTS_DIR; };
		7383B386F72EE408AE5B214B /* Pods-NewYorkTimesiOS.debug.xcconfig */ = {isa = PBXFileReference; includeInIndex = 1; lastKnownFileType = text.xcconfig; name = "Pods-NewYorkTimesiOS.debug.xcconfig"; path = "Target Support Files/Pods-NewYorkTimesiOS/Pods-NewYorkTimesiOS.debug.xcconfig"; sourceTree = "<group>"; };
		98C9D83B88CB9F0397F03761 /* Pods-NewYorkTimesiOS.release.xcconfig */ = {isa = PBXFileReference; includeInIndex = 1; lastKnownFileType = text.xcconfig; name = "Pods-NewYorkTimesiOS.release.xcconfig"; path = "Target Support Files/Pods-NewYorkTimesiOS/Pods-NewYorkTimesiOS.release.xcconfig"; sourceTree = "<group>"; };
		A53AB2AA0CF4DF9F3056CED9 /* Pods_NewYorkTimesiOSTests.framework */ = {isa = PBXFileReference; explicitFileType = wrapper.framework; includeInIndex = 0; path = Pods_NewYorkTimesiOSTests.framework; sourceTree = BUILT_PRODUCTS_DIR; };
		FA49973F25480EA4009D6AC6 /* NewYorkTimesiOS.app */ = {isa = PBXFileReference; explicitFileType = wrapper.application; includeInIndex = 0; path = NewYorkTimesiOS.app; sourceTree = BUILT_PRODUCTS_DIR; };
		FA49974225480EA4009D6AC6 /* AppDelegate.swift */ = {isa = PBXFileReference; lastKnownFileType = sourcecode.swift; path = AppDelegate.swift; sourceTree = "<group>"; };
		FA49974425480EA4009D6AC6 /* SceneDelegate.swift */ = {isa = PBXFileReference; lastKnownFileType = sourcecode.swift; path = SceneDelegate.swift; sourceTree = "<group>"; };
		FA49974925480EA4009D6AC6 /* Base */ = {isa = PBXFileReference; lastKnownFileType = file.storyboard; name = Base; path = Base.lproj/Main.storyboard; sourceTree = "<group>"; };
		FA49974B25480EA6009D6AC6 /* Assets.xcassets */ = {isa = PBXFileReference; lastKnownFileType = folder.assetcatalog; path = Assets.xcassets; sourceTree = "<group>"; };
		FA49974E25480EA6009D6AC6 /* Base */ = {isa = PBXFileReference; lastKnownFileType = file.storyboard; name = Base; path = Base.lproj/LaunchScreen.storyboard; sourceTree = "<group>"; };
		FA49975025480EA6009D6AC6 /* Info.plist */ = {isa = PBXFileReference; lastKnownFileType = text.plist.xml; path = Info.plist; sourceTree = "<group>"; };
		FA49975525480EA6009D6AC6 /* NewYorkTimesiOSTests.xctest */ = {isa = PBXFileReference; explicitFileType = wrapper.cfbundle; includeInIndex = 0; path = NewYorkTimesiOSTests.xctest; sourceTree = BUILT_PRODUCTS_DIR; };
		FA49975925480EA6009D6AC6 /* NewYorkTimesiOSTests.swift */ = {isa = PBXFileReference; lastKnownFileType = sourcecode.swift; path = NewYorkTimesiOSTests.swift; sourceTree = "<group>"; };
		FA49975B25480EA6009D6AC6 /* Info.plist */ = {isa = PBXFileReference; lastKnownFileType = text.plist.xml; path = Info.plist; sourceTree = "<group>"; };
		FA49976025480EA7009D6AC6 /* NewYorkTimesiOSUITests.xctest */ = {isa = PBXFileReference; explicitFileType = wrapper.cfbundle; includeInIndex = 0; path = NewYorkTimesiOSUITests.xctest; sourceTree = BUILT_PRODUCTS_DIR; };
		FA49976425480EA7009D6AC6 /* NewYorkTimesiOSUITests.swift */ = {isa = PBXFileReference; lastKnownFileType = sourcecode.swift; path = NewYorkTimesiOSUITests.swift; sourceTree = "<group>"; };
		FA49976625480EA7009D6AC6 /* Info.plist */ = {isa = PBXFileReference; lastKnownFileType = text.plist.xml; path = Info.plist; sourceTree = "<group>"; };
		FA49978025480F6C009D6AC6 /* Results.swift */ = {isa = PBXFileReference; lastKnownFileType = sourcecode.swift; path = Results.swift; sourceTree = "<group>"; };
		FA49978825480FB8009D6AC6 /* News.swift */ = {isa = PBXFileReference; lastKnownFileType = sourcecode.swift; path = News.swift; sourceTree = "<group>"; };
		FA49978D25481054009D6AC6 /* Media.swift */ = {isa = PBXFileReference; lastKnownFileType = sourcecode.swift; path = Media.swift; sourceTree = "<group>"; };
		FA49979225481127009D6AC6 /* Metadata.swift */ = {isa = PBXFileReference; lastKnownFileType = sourcecode.swift; path = Metadata.swift; sourceTree = "<group>"; };
		FA4997972548121B009D6AC6 /* Network.swift */ = {isa = PBXFileReference; lastKnownFileType = sourcecode.swift; path = Network.swift; sourceTree = "<group>"; };
		FA4997DE25483307009D6AC6 /* NewsCollectionViewController.swift */ = {isa = PBXFileReference; lastKnownFileType = sourcecode.swift; path = NewsCollectionViewController.swift; sourceTree = "<group>"; };
		FA4997E325483313009D6AC6 /* NewsCollectionViewCell.swift */ = {isa = PBXFileReference; lastKnownFileType = sourcecode.swift; path = NewsCollectionViewCell.swift; sourceTree = "<group>"; };
		FA951526255EE2B8009E1D44 /* NewsDetailViewController.swift */ = {isa = PBXFileReference; lastKnownFileType = sourcecode.swift; path = NewsDetailViewController.swift; sourceTree = "<group>"; };
/* End PBXFileReference section */

/* Begin PBXFrameworksBuildPhase section */
		FA49973C25480EA4009D6AC6 /* Frameworks */ = {
			isa = PBXFrameworksBuildPhase;
			buildActionMask = 2147483647;
			files = (
				2AD89E0A83670B669CD5A700 /* Pods_NewYorkTimesiOS.framework in Frameworks */,
			);
			runOnlyForDeploymentPostprocessing = 0;
		};
		FA49975225480EA6009D6AC6 /* Frameworks */ = {
			isa = PBXFrameworksBuildPhase;
			buildActionMask = 2147483647;
			files = (
				6328328E08EF4C571D86E0E4 /* Pods_NewYorkTimesiOSTests.framework in Frameworks */,
			);
			runOnlyForDeploymentPostprocessing = 0;
		};
		FA49975D25480EA7009D6AC6 /* Frameworks */ = {
			isa = PBXFrameworksBuildPhase;
			buildActionMask = 2147483647;
			files = (
				5393AA09ABC3C8955479B85B /* Pods_NewYorkTimesiOS_NewYorkTimesiOSUITests.framework in Frameworks */,
			);
			runOnlyForDeploymentPostprocessing = 0;
		};
/* End PBXFrameworksBuildPhase section */

/* Begin PBXGroup section */
		991BD3FC1C5DD82DD79F71AC /* Pods */ = {
			isa = PBXGroup;
			children = (
				7383B386F72EE408AE5B214B /* Pods-NewYorkTimesiOS.debug.xcconfig */,
				98C9D83B88CB9F0397F03761 /* Pods-NewYorkTimesiOS.release.xcconfig */,
				5BD910EB8C3ABD870C2DE732 /* Pods-NewYorkTimesiOS-NewYorkTimesiOSUITests.debug.xcconfig */,
				3F2C60C75EDBA719FE237402 /* Pods-NewYorkTimesiOS-NewYorkTimesiOSUITests.release.xcconfig */,
				53A1817D59D0BFB92CB0B3EB /* Pods-NewYorkTimesiOSTests.debug.xcconfig */,
				06CACCFA0C55CE24549E7B2C /* Pods-NewYorkTimesiOSTests.release.xcconfig */,
			);
			path = Pods;
			sourceTree = "<group>";
		};
		D087AE6F40DE456B3F5F8E5F /* Frameworks */ = {
			isa = PBXGroup;
			children = (
				19586ABE1D1A2BCBDAA5267E /* Pods_NewYorkTimesiOS.framework */,
				6B99FA0A387463D99AC47FAF /* Pods_NewYorkTimesiOS_NewYorkTimesiOSUITests.framework */,
				A53AB2AA0CF4DF9F3056CED9 /* Pods_NewYorkTimesiOSTests.framework */,
			);
			name = Frameworks;
			sourceTree = "<group>";
		};
		FA49973625480EA4009D6AC6 = {
			isa = PBXGroup;
			children = (
				FA49974125480EA4009D6AC6 /* NewYorkTimesiOS */,
				FA49975825480EA6009D6AC6 /* NewYorkTimesiOSTests */,
				FA49976325480EA7009D6AC6 /* NewYorkTimesiOSUITests */,
				FA49974025480EA4009D6AC6 /* Products */,
				991BD3FC1C5DD82DD79F71AC /* Pods */,
				D087AE6F40DE456B3F5F8E5F /* Frameworks */,
			);
			sourceTree = "<group>";
		};
		FA49974025480EA4009D6AC6 /* Products */ = {
			isa = PBXGroup;
			children = (
				FA49973F25480EA4009D6AC6 /* NewYorkTimesiOS.app */,
				FA49975525480EA6009D6AC6 /* NewYorkTimesiOSTests.xctest */,
				FA49976025480EA7009D6AC6 /* NewYorkTimesiOSUITests.xctest */,
			);
			name = Products;
			sourceTree = "<group>";
		};
		FA49974125480EA4009D6AC6 /* NewYorkTimesiOS */ = {
			isa = PBXGroup;
			children = (
				FA49977F25480F57009D6AC6 /* Network */,
				FA49977E25480F4F009D6AC6 /* Model */,
				FA49977525480F2D009D6AC6 /* Delegate */,
				FA49977925480F3B009D6AC6 /* Controller */,
				FA49977D25480F44009D6AC6 /* View */,
				FA49974B25480EA6009D6AC6 /* Assets.xcassets */,
				FA49974D25480EA6009D6AC6 /* LaunchScreen.storyboard */,
				FA49975025480EA6009D6AC6 /* Info.plist */,
			);
			path = NewYorkTimesiOS;
			sourceTree = "<group>";
		};
		FA49975825480EA6009D6AC6 /* NewYorkTimesiOSTests */ = {
			isa = PBXGroup;
			children = (
				FA49975925480EA6009D6AC6 /* NewYorkTimesiOSTests.swift */,
				FA49975B25480EA6009D6AC6 /* Info.plist */,
			);
			path = NewYorkTimesiOSTests;
			sourceTree = "<group>";
		};
		FA49976325480EA7009D6AC6 /* NewYorkTimesiOSUITests */ = {
			isa = PBXGroup;
			children = (
				FA49976425480EA7009D6AC6 /* NewYorkTimesiOSUITests.swift */,
				FA49976625480EA7009D6AC6 /* Info.plist */,
			);
			path = NewYorkTimesiOSUITests;
			sourceTree = "<group>";
		};
		FA49977525480F2D009D6AC6 /* Delegate */ = {
			isa = PBXGroup;
			children = (
				FA49974225480EA4009D6AC6 /* AppDelegate.swift */,
				FA49974425480EA4009D6AC6 /* SceneDelegate.swift */,
			);
			path = Delegate;
			sourceTree = "<group>";
		};
		FA49977925480F3B009D6AC6 /* Controller */ = {
			isa = PBXGroup;
			children = (
				FA951522255EE286009E1D44 /* NewsDetail */,
				FA4997DA254832C6009D6AC6 /* NewsViewCollection */,
			);
			path = Controller;
			sourceTree = "<group>";
		};
		FA49977D25480F44009D6AC6 /* View */ = {
			isa = PBXGroup;
			children = (
				FA49974825480EA4009D6AC6 /* Main.storyboard */,
			);
			path = View;
			sourceTree = "<group>";
		};
		FA49977E25480F4F009D6AC6 /* Model */ = {
			isa = PBXGroup;
			children = (
				FA49978025480F6C009D6AC6 /* Results.swift */,
				FA49978825480FB8009D6AC6 /* News.swift */,
				FA49978D25481054009D6AC6 /* Media.swift */,
				FA49979225481127009D6AC6 /* Metadata.swift */,
			);
			name = Model;
			sourceTree = "<group>";
		};
		FA49977F25480F57009D6AC6 /* Network */ = {
			isa = PBXGroup;
			children = (
				FA4997972548121B009D6AC6 /* Network.swift */,
			);
			name = Network;
			sourceTree = "<group>";
		};
		FA4997DA254832C6009D6AC6 /* NewsViewCollection */ = {
			isa = PBXGroup;
			children = (
				FA4997DE25483307009D6AC6 /* NewsCollectionViewController.swift */,
				FA4997E325483313009D6AC6 /* NewsCollectionViewCell.swift */,
			);
			path = NewsViewCollection;
			sourceTree = "<group>";
		};
		FA951522255EE286009E1D44 /* NewsDetail */ = {
			isa = PBXGroup;
			children = (
				FA951526255EE2B8009E1D44 /* NewsDetailViewController.swift */,
			);
			name = NewsDetail;
			sourceTree = "<group>";
		};
/* End PBXGroup section */

/* Begin PBXNativeTarget section */
		FA49973E25480EA4009D6AC6 /* NewYorkTimesiOS */ = {
			isa = PBXNativeTarget;
			buildConfigurationList = FA49976925480EA7009D6AC6 /* Build configuration list for PBXNativeTarget "NewYorkTimesiOS" */;
			buildPhases = (
				8838D4DDBD489663D836DFBE /* [CP] Check Pods Manifest.lock */,
				FA49973B25480EA4009D6AC6 /* Sources */,
				FA49973C25480EA4009D6AC6 /* Frameworks */,
				FA49973D25480EA4009D6AC6 /* Resources */,
				1F48799E1641B0274046B626 /* [CP] Embed Pods Frameworks */,
			);
			buildRules = (
			);
			dependencies = (
			);
			name = NewYorkTimesiOS;
			productName = NewYorkTimesiOS;
			productReference = FA49973F25480EA4009D6AC6 /* NewYorkTimesiOS.app */;
			productType = "com.apple.product-type.application";
		};
		FA49975425480EA6009D6AC6 /* NewYorkTimesiOSTests */ = {
			isa = PBXNativeTarget;
			buildConfigurationList = FA49976C25480EA7009D6AC6 /* Build configuration list for PBXNativeTarget "NewYorkTimesiOSTests" */;
			buildPhases = (
				3BE7DE3162C25DE0CD493848 /* [CP] Check Pods Manifest.lock */,
				FA49975125480EA6009D6AC6 /* Sources */,
				FA49975225480EA6009D6AC6 /* Frameworks */,
				FA49975325480EA6009D6AC6 /* Resources */,
			);
			buildRules = (
			);
			dependencies = (
				FA49975725480EA6009D6AC6 /* PBXTargetDependency */,
			);
			name = NewYorkTimesiOSTests;
			productName = NewYorkTimesiOSTests;
			productReference = FA49975525480EA6009D6AC6 /* NewYorkTimesiOSTests.xctest */;
			productType = "com.apple.product-type.bundle.unit-test";
		};
		FA49975F25480EA7009D6AC6 /* NewYorkTimesiOSUITests */ = {
			isa = PBXNativeTarget;
			buildConfigurationList = FA49976F25480EA7009D6AC6 /* Build configuration list for PBXNativeTarget "NewYorkTimesiOSUITests" */;
			buildPhases = (
				5B574718538B8757036E3787 /* [CP] Check Pods Manifest.lock */,
				FA49975C25480EA7009D6AC6 /* Sources */,
				FA49975D25480EA7009D6AC6 /* Frameworks */,
				FA49975E25480EA7009D6AC6 /* Resources */,
				92E33E797EEA898A70A11453 /* [CP] Embed Pods Frameworks */,
			);
			buildRules = (
			);
			dependencies = (
				FA49976225480EA7009D6AC6 /* PBXTargetDependency */,
			);
			name = NewYorkTimesiOSUITests;
			productName = NewYorkTimesiOSUITests;
			productReference = FA49976025480EA7009D6AC6 /* NewYorkTimesiOSUITests.xctest */;
			productType = "com.apple.product-type.bundle.ui-testing";
		};
/* End PBXNativeTarget section */

/* Begin PBXProject section */
		FA49973725480EA4009D6AC6 /* Project object */ = {
			isa = PBXProject;
			attributes = {
				LastSwiftUpdateCheck = 1210;
				LastUpgradeCheck = 1210;
				TargetAttributes = {
					FA49973E25480EA4009D6AC6 = {
						CreatedOnToolsVersion = 12.1;
					};
					FA49975425480EA6009D6AC6 = {
						CreatedOnToolsVersion = 12.1;
						TestTargetID = FA49973E25480EA4009D6AC6;
					};
					FA49975F25480EA7009D6AC6 = {
						CreatedOnToolsVersion = 12.1;
						TestTargetID = FA49973E25480EA4009D6AC6;
					};
				};
			};
			buildConfigurationList = FA49973A25480EA4009D6AC6 /* Build configuration list for PBXProject "NewYorkTimesiOS" */;
			compatibilityVersion = "Xcode 9.3";
			developmentRegion = en;
			hasScannedForEncodings = 0;
			knownRegions = (
				en,
				Base,
			);
			mainGroup = FA49973625480EA4009D6AC6;
			productRefGroup = FA49974025480EA4009D6AC6 /* Products */;
			projectDirPath = "";
			projectRoot = "";
			targets = (
				FA49973E25480EA4009D6AC6 /* NewYorkTimesiOS */,
				FA49975425480EA6009D6AC6 /* NewYorkTimesiOSTests */,
				FA49975F25480EA7009D6AC6 /* NewYorkTimesiOSUITests */,
			);
		};
/* End PBXProject section */

/* Begin PBXResourcesBuildPhase section */
		FA49973D25480EA4009D6AC6 /* Resources */ = {
			isa = PBXResourcesBuildPhase;
			buildActionMask = 2147483647;
			files = (
				FA49974F25480EA6009D6AC6 /* LaunchScreen.storyboard in Resources */,
				FA49974C25480EA6009D6AC6 /* Assets.xcassets in Resources */,
				FA49974A25480EA4009D6AC6 /* Main.storyboard in Resources */,
			);
			runOnlyForDeploymentPostprocessing = 0;
		};
		FA49975325480EA6009D6AC6 /* Resources */ = {
			isa = PBXResourcesBuildPhase;
			buildActionMask = 2147483647;
			files = (
			);
			runOnlyForDeploymentPostprocessing = 0;
		};
		FA49975E25480EA7009D6AC6 /* Resources */ = {
			isa = PBXResourcesBuildPhase;
			buildActionMask = 2147483647;
			files = (
			);
			runOnlyForDeploymentPostprocessing = 0;
		};
/* End PBXResourcesBuildPhase section */

/* Begin PBXShellScriptBuildPhase section */
		1F48799E1641B0274046B626 /* [CP] Embed Pods Frameworks */ = {
			isa = PBXShellScriptBuildPhase;
			buildActionMask = 2147483647;
			files = (
			);
			inputFileListPaths = (
				"${PODS_ROOT}/Target Support Files/Pods-NewYorkTimesiOS/Pods-NewYorkTimesiOS-frameworks-${CONFIGURATION}-input-files.xcfilelist",
			);
			name = "[CP] Embed Pods Frameworks";
			outputFileListPaths = (
				"${PODS_ROOT}/Target Support Files/Pods-NewYorkTimesiOS/Pods-NewYorkTimesiOS-frameworks-${CONFIGURATION}-output-files.xcfilelist",
			);
			runOnlyForDeploymentPostprocessing = 0;
			shellPath = /bin/sh;
			shellScript = "\"${PODS_ROOT}/Target Support Files/Pods-NewYorkTimesiOS/Pods-NewYorkTimesiOS-frameworks.sh\"\n";
			showEnvVarsInLog = 0;
		};
		3BE7DE3162C25DE0CD493848 /* [CP] Check Pods Manifest.lock */ = {
			isa = PBXShellScriptBuildPhase;
			buildActionMask = 2147483647;
			files = (
			);
			inputFileListPaths = (
			);
			inputPaths = (
				"${PODS_PODFILE_DIR_PATH}/Podfile.lock",
				"${PODS_ROOT}/Manifest.lock",
			);
			name = "[CP] Check Pods Manifest.lock";
			outputFileListPaths = (
			);
			outputPaths = (
				"$(DERIVED_FILE_DIR)/Pods-NewYorkTimesiOSTests-checkManifestLockResult.txt",
			);
			runOnlyForDeploymentPostprocessing = 0;
			shellPath = /bin/sh;
			shellScript = "diff \"${PODS_PODFILE_DIR_PATH}/Podfile.lock\" \"${PODS_ROOT}/Manifest.lock\" > /dev/null\nif [ $? != 0 ] ; then\n    # print error to STDERR\n    echo \"error: The sandbox is not in sync with the Podfile.lock. Run 'pod install' or update your CocoaPods installation.\" >&2\n    exit 1\nfi\n# This output is used by Xcode 'outputs' to avoid re-running this script phase.\necho \"SUCCESS\" > \"${SCRIPT_OUTPUT_FILE_0}\"\n";
			showEnvVarsInLog = 0;
		};
		5B574718538B8757036E3787 /* [CP] Check Pods Manifest.lock */ = {
			isa = PBXShellScriptBuildPhase;
			buildActionMask = 2147483647;
			files = (
			);
			inputFileListPaths = (
			);
			inputPaths = (
				"${PODS_PODFILE_DIR_PATH}/Podfile.lock",
				"${PODS_ROOT}/Manifest.lock",
			);
			name = "[CP] Check Pods Manifest.lock";
			outputFileListPaths = (
			);
			outputPaths = (
				"$(DERIVED_FILE_DIR)/Pods-NewYorkTimesiOS-NewYorkTimesiOSUITests-checkManifestLockResult.txt",
			);
			runOnlyForDeploymentPostprocessing = 0;
			shellPath = /bin/sh;
			shellScript = "diff \"${PODS_PODFILE_DIR_PATH}/Podfile.lock\" \"${PODS_ROOT}/Manifest.lock\" > /dev/null\nif [ $? != 0 ] ; then\n    # print error to STDERR\n    echo \"error: The sandbox is not in sync with the Podfile.lock. Run 'pod install' or update your CocoaPods installation.\" >&2\n    exit 1\nfi\n# This output is used by Xcode 'outputs' to avoid re-running this script phase.\necho \"SUCCESS\" > \"${SCRIPT_OUTPUT_FILE_0}\"\n";
			showEnvVarsInLog = 0;
		};
		8838D4DDBD489663D836DFBE /* [CP] Check Pods Manifest.lock */ = {
			isa = PBXShellScriptBuildPhase;
			buildActionMask = 2147483647;
			files = (
			);
			inputFileListPaths = (
			);
			inputPaths = (
				"${PODS_PODFILE_DIR_PATH}/Podfile.lock",
				"${PODS_ROOT}/Manifest.lock",
			);
			name = "[CP] Check Pods Manifest.lock";
			outputFileListPaths = (
			);
			outputPaths = (
				"$(DERIVED_FILE_DIR)/Pods-NewYorkTimesiOS-checkManifestLockResult.txt",
			);
			runOnlyForDeploymentPostprocessing = 0;
			shellPath = /bin/sh;
			shellScript = "diff \"${PODS_PODFILE_DIR_PATH}/Podfile.lock\" \"${PODS_ROOT}/Manifest.lock\" > /dev/null\nif [ $? != 0 ] ; then\n    # print error to STDERR\n    echo \"error: The sandbox is not in sync with the Podfile.lock. Run 'pod install' or update your CocoaPods installation.\" >&2\n    exit 1\nfi\n# This output is used by Xcode 'outputs' to avoid re-running this script phase.\necho \"SUCCESS\" > \"${SCRIPT_OUTPUT_FILE_0}\"\n";
			showEnvVarsInLog = 0;
		};
		92E33E797EEA898A70A11453 /* [CP] Embed Pods Frameworks */ = {
			isa = PBXShellScriptBuildPhase;
			buildActionMask = 2147483647;
			files = (
			);
			inputFileListPaths = (
				"${PODS_ROOT}/Target Support Files/Pods-NewYorkTimesiOS-NewYorkTimesiOSUITests/Pods-NewYorkTimesiOS-NewYorkTimesiOSUITests-frameworks-${CONFIGURATION}-input-files.xcfilelist",
			);
			name = "[CP] Embed Pods Frameworks";
			outputFileListPaths = (
				"${PODS_ROOT}/Target Support Files/Pods-NewYorkTimesiOS-NewYorkTimesiOSUITests/Pods-NewYorkTimesiOS-NewYorkTimesiOSUITests-frameworks-${CONFIGURATION}-output-files.xcfilelist",
			);
			runOnlyForDeploymentPostprocessing = 0;
			shellPath = /bin/sh;
			shellScript = "\"${PODS_ROOT}/Target Support Files/Pods-NewYorkTimesiOS-NewYorkTimesiOSUITests/Pods-NewYorkTimesiOS-NewYorkTimesiOSUITests-frameworks.sh\"\n";
			showEnvVarsInLog = 0;
		};
/* End PBXShellScriptBuildPhase section */

/* Begin PBXSourcesBuildPhase section */
		FA49973B25480EA4009D6AC6 /* Sources */ = {
			isa = PBXSourcesBuildPhase;
			buildActionMask = 2147483647;
			files = (
				FA49979325481127009D6AC6 /* Metadata.swift in Sources */,
				FA4997982548121B009D6AC6 /* Network.swift in Sources */,
				FA49974325480EA4009D6AC6 /* AppDelegate.swift in Sources */,
				FA49978E25481054009D6AC6 /* Media.swift in Sources */,
				FA49978125480F6C009D6AC6 /* Results.swift in Sources */,
				FA951527255EE2B8009E1D44 /* NewsDetailViewController.swift in Sources */,
				FA4997DF25483307009D6AC6 /* NewsCollectionViewController.swift in Sources */,
				FA49978925480FB8009D6AC6 /* News.swift in Sources */,
				FA49974525480EA4009D6AC6 /* SceneDelegate.swift in Sources */,
				FA4997E425483313009D6AC6 /* NewsCollectionViewCell.swift in Sources */,
			);
			runOnlyForDeploymentPostprocessing = 0;
		};
		FA49975125480EA6009D6AC6 /* Sources */ = {
			isa = PBXSourcesBuildPhase;
			buildActionMask = 2147483647;
			files = (
				FA49975A25480EA6009D6AC6 /* NewYorkTimesiOSTests.swift in Sources */,
			);
			runOnlyForDeploymentPostprocessing = 0;
		};
		FA49975C25480EA7009D6AC6 /* Sources */ = {
			isa = PBXSourcesBuildPhase;
			buildActionMask = 2147483647;
			files = (
				FA49976525480EA7009D6AC6 /* NewYorkTimesiOSUITests.swift in Sources */,
			);
			runOnlyForDeploymentPostprocessing = 0;
		};
/* End PBXSourcesBuildPhase section */

/* Begin PBXTargetDependency section */
		FA49975725480EA6009D6AC6 /* PBXTargetDependency */ = {
			isa = PBXTargetDependency;
			target = FA49973E25480EA4009D6AC6 /* NewYorkTimesiOS */;
			targetProxy = FA49975625480EA6009D6AC6 /* PBXContainerItemProxy */;
		};
		FA49976225480EA7009D6AC6 /* PBXTargetDependency */ = {
			isa = PBXTargetDependency;
			target = FA49973E25480EA4009D6AC6 /* NewYorkTimesiOS */;
			targetProxy = FA49976125480EA7009D6AC6 /* PBXContainerItemProxy */;
		};
/* End PBXTargetDependency section */

/* Begin PBXVariantGroup section */
		FA49974825480EA4009D6AC6 /* Main.storyboard */ = {
			isa = PBXVariantGroup;
			children = (
				FA49974925480EA4009D6AC6 /* Base */,
			);
			name = Main.storyboard;
			sourceTree = "<group>";
		};
		FA49974D25480EA6009D6AC6 /* LaunchScreen.storyboard */ = {
			isa = PBXVariantGroup;
			children = (
				FA49974E25480EA6009D6AC6 /* Base */,
			);
			name = LaunchScreen.storyboard;
			sourceTree = "<group>";
		};
/* End PBXVariantGroup section */

/* Begin XCBuildConfiguration section */
		FA49976725480EA7009D6AC6 /* Debug */ = {
			isa = XCBuildConfiguration;
			buildSettings = {
				ALWAYS_SEARCH_USER_PATHS = NO;
				CLANG_ANALYZER_NONNULL = YES;
				CLANG_ANALYZER_NUMBER_OBJECT_CONVERSION = YES_AGGRESSIVE;
				CLANG_CXX_LANGUAGE_STANDARD = "gnu++14";
				CLANG_CXX_LIBRARY = "libc++";
				CLANG_ENABLE_MODULES = YES;
				CLANG_ENABLE_OBJC_ARC = YES;
				CLANG_ENABLE_OBJC_WEAK = YES;
				CLANG_WARN_BLOCK_CAPTURE_AUTORELEASING = YES;
				CLANG_WARN_BOOL_CONVERSION = YES;
				CLANG_WARN_COMMA = YES;
				CLANG_WARN_CONSTANT_CONVERSION = YES;
				CLANG_WARN_DEPRECATED_OBJC_IMPLEMENTATIONS = YES;
				CLANG_WARN_DIRECT_OBJC_ISA_USAGE = YES_ERROR;
				CLANG_WARN_DOCUMENTATION_COMMENTS = YES;
				CLANG_WARN_EMPTY_BODY = YES;
				CLANG_WARN_ENUM_CONVERSION = YES;
				CLANG_WARN_INFINITE_RECURSION = YES;
				CLANG_WARN_INT_CONVERSION = YES;
				CLANG_WARN_NON_LITERAL_NULL_CONVERSION = YES;
				CLANG_WARN_OBJC_IMPLICIT_RETAIN_SELF = YES;
				CLANG_WARN_OBJC_LITERAL_CONVERSION = YES;
				CLANG_WARN_OBJC_ROOT_CLASS = YES_ERROR;
				CLANG_WARN_QUOTED_INCLUDE_IN_FRAMEWORK_HEADER = YES;
				CLANG_WARN_RANGE_LOOP_ANALYSIS = YES;
				CLANG_WARN_STRICT_PROTOTYPES = YES;
				CLANG_WARN_SUSPICIOUS_MOVE = YES;
				CLANG_WARN_UNGUARDED_AVAILABILITY = YES_AGGRESSIVE;
				CLANG_WARN_UNREACHABLE_CODE = YES;
				CLANG_WARN__DUPLICATE_METHOD_MATCH = YES;
				COPY_PHASE_STRIP = NO;
				DEBUG_INFORMATION_FORMAT = dwarf;
				ENABLE_STRICT_OBJC_MSGSEND = YES;
				ENABLE_TESTABILITY = YES;
				GCC_C_LANGUAGE_STANDARD = gnu11;
				GCC_DYNAMIC_NO_PIC = NO;
				GCC_NO_COMMON_BLOCKS = YES;
				GCC_OPTIMIZATION_LEVEL = 0;
				GCC_PREPROCESSOR_DEFINITIONS = (
					"DEBUG=1",
					"$(inherited)",
				);
				GCC_WARN_64_TO_32_BIT_CONVERSION = YES;
				GCC_WARN_ABOUT_RETURN_TYPE = YES_ERROR;
				GCC_WARN_UNDECLARED_SELECTOR = YES;
				GCC_WARN_UNINITIALIZED_AUTOS = YES_AGGRESSIVE;
				GCC_WARN_UNUSED_FUNCTION = YES;
				GCC_WARN_UNUSED_VARIABLE = YES;
				IPHONEOS_DEPLOYMENT_TARGET = 14.1;
				MTL_ENABLE_DEBUG_INFO = INCLUDE_SOURCE;
				MTL_FAST_MATH = YES;
				ONLY_ACTIVE_ARCH = YES;
				SDKROOT = iphoneos;
				SWIFT_ACTIVE_COMPILATION_CONDITIONS = DEBUG;
				SWIFT_OPTIMIZATION_LEVEL = "-Onone";
			};
			name = Debug;
		};
		FA49976825480EA7009D6AC6 /* Release */ = {
			isa = XCBuildConfiguration;
			buildSettings = {
				ALWAYS_SEARCH_USER_PATHS = NO;
				CLANG_ANALYZER_NONNULL = YES;
				CLANG_ANALYZER_NUMBER_OBJECT_CONVERSION = YES_AGGRESSIVE;
				CLANG_CXX_LANGUAGE_STANDARD = "gnu++14";
				CLANG_CXX_LIBRARY = "libc++";
				CLANG_ENABLE_MODULES = YES;
				CLANG_ENABLE_OBJC_ARC = YES;
				CLANG_ENABLE_OBJC_WEAK = YES;
				CLANG_WARN_BLOCK_CAPTURE_AUTORELEASING = YES;
				CLANG_WARN_BOOL_CONVERSION = YES;
				CLANG_WARN_COMMA = YES;
				CLANG_WARN_CONSTANT_CONVERSION = YES;
				CLANG_WARN_DEPRECATED_OBJC_IMPLEMENTATIONS = YES;
				CLANG_WARN_DIRECT_OBJC_ISA_USAGE = YES_ERROR;
				CLANG_WARN_DOCUMENTATION_COMMENTS = YES;
				CLANG_WARN_EMPTY_BODY = YES;
				CLANG_WARN_ENUM_CONVERSION = YES;
				CLANG_WARN_INFINITE_RECURSION = YES;
				CLANG_WARN_INT_CONVERSION = YES;
				CLANG_WARN_NON_LITERAL_NULL_CONVERSION = YES;
				CLANG_WARN_OBJC_IMPLICIT_RETAIN_SELF = YES;
				CLANG_WARN_OBJC_LITERAL_CONVERSION = YES;
				CLANG_WARN_OBJC_ROOT_CLASS = YES_ERROR;
				CLANG_WARN_QUOTED_INCLUDE_IN_FRAMEWORK_HEADER = YES;
				CLANG_WARN_RANGE_LOOP_ANALYSIS = YES;
				CLANG_WARN_STRICT_PROTOTYPES = YES;
				CLANG_WARN_SUSPICIOUS_MOVE = YES;
				CLANG_WARN_UNGUARDED_AVAILABILITY = YES_AGGRESSIVE;
				CLANG_WARN_UNREACHABLE_CODE = YES;
				CLANG_WARN__DUPLICATE_METHOD_MATCH = YES;
				COPY_PHASE_STRIP = NO;
				DEBUG_INFORMATION_FORMAT = "dwarf-with-dsym";
				ENABLE_NS_ASSERTIONS = NO;
				ENABLE_STRICT_OBJC_MSGSEND = YES;
				GCC_C_LANGUAGE_STANDARD = gnu11;
				GCC_NO_COMMON_BLOCKS = YES;
				GCC_WARN_64_TO_32_BIT_CONVERSION = YES;
				GCC_WARN_ABOUT_RETURN_TYPE = YES_ERROR;
				GCC_WARN_UNDECLARED_SELECTOR = YES;
				GCC_WARN_UNINITIALIZED_AUTOS = YES_AGGRESSIVE;
				GCC_WARN_UNUSED_FUNCTION = YES;
				GCC_WARN_UNUSED_VARIABLE = YES;
				IPHONEOS_DEPLOYMENT_TARGET = 14.1;
				MTL_ENABLE_DEBUG_INFO = NO;
				MTL_FAST_MATH = YES;
				SDKROOT = iphoneos;
				SWIFT_COMPILATION_MODE = wholemodule;
				SWIFT_OPTIMIZATION_LEVEL = "-O";
				VALIDATE_PRODUCT = YES;
			};
			name = Release;
		};
		FA49976A25480EA7009D6AC6 /* Debug */ = {
			isa = XCBuildConfiguration;
			baseConfigurationReference = 7383B386F72EE408AE5B214B /* Pods-NewYorkTimesiOS.debug.xcconfig */;
			buildSettings = {
				ASSETCATALOG_COMPILER_APPICON_NAME = AppIcon;
				ASSETCATALOG_COMPILER_GLOBAL_ACCENT_COLOR_NAME = AccentColor;
				CODE_SIGN_IDENTITY = "iPhone Developer";
				CODE_SIGN_STYLE = Manual;
				DEVELOPMENT_TEAM = N8KSD66U34;
				INFOPLIST_FILE = NewYorkTimesiOS/Info.plist;
				LD_RUNPATH_SEARCH_PATHS = (
					"$(inherited)",
					"@executable_path/Frameworks",
				);
				PRODUCT_BUNDLE_IDENTIFIER = class.ep101.NewYorkTimesiOS;
				PRODUCT_NAME = "$(TARGET_NAME)";
				PROVISIONING_PROFILE_SPECIFIER = EP101;
				SWIFT_VERSION = 5.0;
				TARGETED_DEVICE_FAMILY = "1,2";
			};
			name = Debug;
		};
		FA49976B25480EA7009D6AC6 /* Release */ = {
			isa = XCBuildConfiguration;
			baseConfigurationReference = 98C9D83B88CB9F0397F03761 /* Pods-NewYorkTimesiOS.release.xcconfig */;
			buildSettings = {
				ASSETCATALOG_COMPILER_APPICON_NAME = AppIcon;
				ASSETCATALOG_COMPILER_GLOBAL_ACCENT_COLOR_NAME = AccentColor;
				CODE_SIGN_IDENTITY = "iPhone Developer";
				CODE_SIGN_STYLE = Manual;
				DEVELOPMENT_TEAM = N8KSD66U34;
				INFOPLIST_FILE = NewYorkTimesiOS/Info.plist;
				LD_RUNPATH_SEARCH_PATHS = (
					"$(inherited)",
					"@executable_path/Frameworks",
				);
				PRODUCT_BUNDLE_IDENTIFIER = class.ep101.NewYorkTimesiOS;
				PRODUCT_NAME = "$(TARGET_NAME)";
				PROVISIONING_PROFILE_SPECIFIER = EP101;
				SWIFT_VERSION = 5.0;
				TARGETED_DEVICE_FAMILY = "1,2";
			};
			name = Release;
		};
		FA49976D25480EA7009D6AC6 /* Debug */ = {
			isa = XCBuildConfiguration;
			baseConfigurationReference = 53A1817D59D0BFB92CB0B3EB /* Pods-NewYorkTimesiOSTests.debug.xcconfig */;
			buildSettings = {
				ALWAYS_EMBED_SWIFT_STANDARD_LIBRARIES = YES;
				BUNDLE_LOADER = "$(TEST_HOST)";
				CODE_SIGN_STYLE = Automatic;
				DEVELOPMENT_TEAM = N8KSD66U34;
				INFOPLIST_FILE = NewYorkTimesiOSTests/Info.plist;
				IPHONEOS_DEPLOYMENT_TARGET = 14.1;
				LD_RUNPATH_SEARCH_PATHS = (
					"$(inherited)",
					"@executable_path/Frameworks",
					"@loader_path/Frameworks",
				);
				PRODUCT_BUNDLE_IDENTIFIER = class.ep101.NewYorkTimesiOSTests;
				PRODUCT_NAME = "$(TARGET_NAME)";
				SWIFT_VERSION = 5.0;
				TARGETED_DEVICE_FAMILY = "1,2";
				TEST_HOST = "$(BUILT_PRODUCTS_DIR)/NewYorkTimesiOS.app/NewYorkTimesiOS";
			};
			name = Debug;
		};
		FA49976E25480EA7009D6AC6 /* Release */ = {
			isa = XCBuildConfiguration;
			baseConfigurationReference = 06CACCFA0C55CE24549E7B2C /* Pods-NewYorkTimesiOSTests.release.xcconfig */;
			buildSettings = {
				ALWAYS_EMBED_SWIFT_STANDARD_LIBRARIES = YES;
				BUNDLE_LOADER = "$(TEST_HOST)";
				CODE_SIGN_STYLE = Automatic;
				DEVELOPMENT_TEAM = N8KSD66U34;
				INFOPLIST_FILE = NewYorkTimesiOSTests/Info.plist;
				IPHONEOS_DEPLOYMENT_TARGET = 14.1;
				LD_RUNPATH_SEARCH_PATHS = (
					"$(inherited)",
					"@executable_path/Frameworks",
					"@loader_path/Frameworks",
				);
				PRODUCT_BUNDLE_IDENTIFIER = class.ep101.NewYorkTimesiOSTests;
				PRODUCT_NAME = "$(TARGET_NAME)";
				SWIFT_VERSION = 5.0;
				TARGETED_DEVICE_FAMILY = "1,2";
				TEST_HOST = "$(BUILT_PRODUCTS_DIR)/NewYorkTimesiOS.app/NewYorkTimesiOS";
			};
			name = Release;
		};
		FA49977025480EA7009D6AC6 /* Debug */ = {
			isa = XCBuildConfiguration;
			baseConfigurationReference = 5BD910EB8C3ABD870C2DE732 /* Pods-NewYorkTimesiOS-NewYorkTimesiOSUITests.debug.xcconfig */;
			buildSettings = {
				ALWAYS_EMBED_SWIFT_STANDARD_LIBRARIES = YES;
				CODE_SIGN_STYLE = Automatic;
				DEVELOPMENT_TEAM = N8KSD66U34;
				INFOPLIST_FILE = NewYorkTimesiOSUITests/Info.plist;
				LD_RUNPATH_SEARCH_PATHS = (
					"$(inherited)",
					"@executable_path/Frameworks",
					"@loader_path/Frameworks",
				);
				PRODUCT_BUNDLE_IDENTIFIER = class.ep101.NewYorkTimesiOSUITests;
				PRODUCT_NAME = "$(TARGET_NAME)";
				SWIFT_VERSION = 5.0;
				TARGETED_DEVICE_FAMILY = "1,2";
				TEST_TARGET_NAME = NewYorkTimesiOS;
			};
			name = Debug;
		};
		FA49977125480EA7009D6AC6 /* Release */ = {
			isa = XCBuildConfiguration;
			baseConfigurationReference = 3F2C60C75EDBA719FE237402 /* Pods-NewYorkTimesiOS-NewYorkTimesiOSUITests.release.xcconfig */;
			buildSettings = {
				ALWAYS_EMBED_SWIFT_STANDARD_LIBRARIES = YES;
				CODE_SIGN_STYLE = Automatic;
				DEVELOPMENT_TEAM = N8KSD66U34;
				INFOPLIST_FILE = NewYorkTimesiOSUITests/Info.plist;
				LD_RUNPATH_SEARCH_PATHS = (
					"$(inherited)",
					"@executable_path/Frameworks",
					"@loader_path/Frameworks",
				);
				PRODUCT_BUNDLE_IDENTIFIER = class.ep101.NewYorkTimesiOSUITests;
				PRODUCT_NAME = "$(TARGET_NAME)";
				SWIFT_VERSION = 5.0;
				TARGETED_DEVICE_FAMILY = "1,2";
				TEST_TARGET_NAME = NewYorkTimesiOS;
			};
			name = Release;
		};
/* End XCBuildConfiguration section */

/* Begin XCConfigurationList section */
		FA49973A25480EA4009D6AC6 /* Build configuration list for PBXProject "NewYorkTimesiOS" */ = {
			isa = XCConfigurationList;
			buildConfigurations = (
				FA49976725480EA7009D6AC6 /* Debug */,
				FA49976825480EA7009D6AC6 /* Release */,
			);
			defaultConfigurationIsVisible = 0;
			defaultConfigurationName = Release;
		};
		FA49976925480EA7009D6AC6 /* Build configuration list for PBXNativeTarget "NewYorkTimesiOS" */ = {
			isa = XCConfigurationList;
			buildConfigurations = (
				FA49976A25480EA7009D6AC6 /* Debug */,
				FA49976B25480EA7009D6AC6 /* Release */,
			);
			defaultConfigurationIsVisible = 0;
			defaultConfigurationName = Release;
		};
		FA49976C25480EA7009D6AC6 /* Build configuration list for PBXNativeTarget "NewYorkTimesiOSTests" */ = {
			isa = XCConfigurationList;
			buildConfigurations = (
				FA49976D25480EA7009D6AC6 /* Debug */,
				FA49976E25480EA7009D6AC6 /* Release */,
			);
			defaultConfigurationIsVisible = 0;
			defaultConfigurationName = Release;
		};
		FA49976F25480EA7009D6AC6 /* Build configuration list for PBXNativeTarget "NewYorkTimesiOSUITests" */ = {
			isa = XCConfigurationList;
			buildConfigurations = (
				FA49977025480EA7009D6AC6 /* Debug */,
				FA49977125480EA7009D6AC6 /* Release */,
			);
			defaultConfigurationIsVisible = 0;
			defaultConfigurationName = Release;
		};
/* End XCConfigurationList section */
	};
	rootObject = FA49973725480EA4009D6AC6 /* Project object */;
}
